
Microsoft Visual Studio Solution File, Format Version 12.00
# Visual Studio Version 16
VisualStudioVersion = 16.0.32602.291
MinimumVisualStudioVersion = 10.0.40219.1
Project("{FAE04EC0-301F-11D3-BF4B-00C04F79EFBC}") = "Timer_ile_Renklendirme", "Timer_ile_Renklendirme.csproj", "{14B85379-24D3-4331-AFFE-8D46783A5C66}"
EndProject
Global
	GlobalSection(SolutionConfigurationPlatforms) = preSolution
		Debug|Any CPU = Debug|Any CPU
		Release|Any CPU = Release|Any CPU
	EndGlobalSection
	GlobalSection(ProjectConfigurationPlatforms) = postSolution
		{14B85379-24D3-4331-AFFE-8D46783A5C66}.Debug|Any CPU.ActiveCfg = Debug|Any CPU
		{14B85379-24D3-4331-AFFE-8D46783A5C66}.Debug|Any CPU.Build.0 = Debug|Any CPU
		{14B85379-24D3-4331-AFFE-8D46783A5C66}.Release|Any CPU.ActiveCfg = Release|Any CPU
		{14B85379-24D3-4331-AFFE-8D46783A5C66}.Release|Any CPU.Build.0 = Release|Any CPU
	EndGlobalSection
	GlobalSection(SolutionProperties) = preSolution
		HideSolutionNode = FALSE
	EndGlobalSection
	GlobalSection(ExtensibilityGlobals) = postSolution
		SolutionGuid = {B0DB53FC-0DD9-434E-9900-65F9FFB1CE5F}
	EndGlobalSection
EndGlobal
